<?xml version="1.0" encoding="utf-8"?>
<Project ToolsVersion="4.0" xmlns="http://schemas.microsoft.com/developer/msbuild/2003">
  <ItemGroup>
    <Filter Include="Main">
      <UniqueIdentifier>{75b420a2-5281-44ae-bedc-b17d74a59dda}</UniqueIdentifier>
    </Filter>
    <Filter Include="Squads">
      <UniqueIdentifier>{557d5c7b-0f1d-46d3-8925-d1349f5407a0}</UniqueIdentifier>
    </Filter>
    <Filter Include="Helpers">
      <UniqueIdentifier>{c69f46b3-e05a-441c-8efa-1a4827a712dd}</UniqueIdentifier>
    </Filter>
    <Filter Include="Squads\UnitComposition">
      <UniqueIdentifier>{2d73c6cf-136e-4179-a467-f59cb5cd5646}</UniqueIdentifier>
    </Filter>
    <Filter Include="Commander">
      <UniqueIdentifier>{568bd4ac-85d0-4c2e-8758-d7db9b22a09e}</UniqueIdentifier>
    </Filter>
    <Filter Include="Squads\Types">
      <UniqueIdentifier>{4e74ec7c-549d-4b4e-a10e-4921034a7410}</UniqueIdentifier>
    </Filter>
    <Filter Include="WaitGoal">
      <UniqueIdentifier>{b9ca02e2-2530-49c1-a8cc-6277d79303fb}</UniqueIdentifier>
    </Filter>
    <Filter Include="UnitCreator">
      <UniqueIdentifier>{081d25e1-c37c-41d9-b11e-c02bacf49e65}</UniqueIdentifier>
    </Filter>
    <Filter Include="ExplorationAndMap">
      <UniqueIdentifier>{6caf01de-2aac-47d0-95bb-9dd29e4d9f04}</UniqueIdentifier>
    </Filter>
    <Filter Include="BuildOrder">
      <UniqueIdentifier>{6011d408-eb31-43dc-8f67-820df871d8af}</UniqueIdentifier>
    </Filter>
    <Filter Include="Classification">
      <UniqueIdentifier>{0c5e75d3-5af0-4681-9e68-e498e1302ba7}</UniqueIdentifier>
    </Filter>
    <Filter Include="ExplorationAndMap\Resources">
      <UniqueIdentifier>{00609cc1-9f3c-47e8-af76-38f5cd320038}</UniqueIdentifier>
    </Filter>
  </ItemGroup>
  <ItemGroup>
    <ClInclude Include="include\BatsModule.h">
      <Filter>Main</Filter>
    </ClInclude>
    <ClInclude Include="include\Helper.h">
      <Filter>Helpers</Filter>
    </ClInclude>
    <ClInclude Include="include\UnitSet.h">
      <Filter>Squads\UnitComposition</Filter>
    </ClInclude>
    <ClInclude Include="include\UnitComposition.h">
      <Filter>Squads\UnitComposition</Filter>
    </ClInclude>
    <ClInclude Include="include\UnitCompositionFactory.h">
      <Filter>Squads\UnitComposition</Filter>
    </ClInclude>
    <ClInclude Include="include\Squad.h">
      <Filter>Squads</Filter>
    </ClInclude>
    <ClInclude Include="include\Config.h">
      <Filter>Helpers</Filter>
    </ClInclude>
    <ClInclude Include="include\BuildOrderFileReader.h">
      <Filter>BuildOrder</Filter>
    </ClInclude>
    <ClInclude Include="include\BuildPlanner.h">
      <Filter>BuildOrder</Filter>
    </ClInclude>
    <ClInclude Include="include\Commander.h">
      <Filter>Commander</Filter>
    </ClInclude>
    <ClInclude Include="include\AttackSquad.h">
      <Filter>Squads\Types</Filter>
    </ClInclude>
    <ClInclude Include="include\SquadManager.h">
      <Filter>Squads</Filter>
    </ClInclude>
    <ClInclude Include="include\UnitManager.h">
      <Filter>Commander</Filter>
    </ClInclude>
    <ClInclude Include="include\WaitGoal.h">
      <Filter>WaitGoal</Filter>
    </ClInclude>
    <ClInclude Include="include\WaitReadySquad.h">
      <Filter>WaitGoal</Filter>
    </ClInclude>
    <ClInclude Include="include\GameTime.h">
      <Filter>Helpers</Filter>
    </ClInclude>
    <ClInclude Include="include\UnitCreator.h">
      <Filter>UnitCreator</Filter>
    </ClInclude>
    <ClInclude Include="include\TerranProductionBuilding.h">
      <Filter>UnitCreator</Filter>
    </ClInclude>
    <ClInclude Include="include\AttackCoordinator.h">
      <Filter>Commander</Filter>
    </ClInclude>
    <ClInclude Include="include\ExplorationManager.h">
      <Filter>ExplorationAndMap</Filter>
    </ClInclude>
    <ClInclude Include="include\WaitGoalManager.h">
      <Filter>WaitGoal</Filter>
    </ClInclude>
    <ClInclude Include="include\DropSquad.h">
      <Filter>Squads\Types</Filter>
    </ClInclude>
    <ClInclude Include="include\ExploreData.h">
      <Filter>ExplorationAndMap</Filter>
    </ClInclude>
    <ClInclude Include="include\ScoutSquad.h">
      <Filter>Squads\Types</Filter>
    </ClInclude>
    <ClInclude Include="include\AlliedSquad.h">
      <Filter>Classification</Filter>
    </ClInclude>
    <ClInclude Include="include\AlliedArmyManager.h">
      <Filter>Classification</Filter>
    </ClInclude>
    <ClInclude Include="include\TypeDefs.h">
      <Filter>Helpers</Filter>
    </ClInclude>
    <ClInclude Include="include\SelfClassifier.h">
      <Filter>Classification</Filter>
    </ClInclude>
    <ClInclude Include="include\DefenseMoveSquad.h">
      <Filter>Squads\Types</Filter>
    </ClInclude>
    <ClInclude Include="include\DefenseManager.h">
      <Filter>Commander</Filter>
    </ClInclude>
    <ClInclude Include="include\ResourceGroup.h">
      <Filter>ExplorationAndMap\Resources</Filter>
    </ClInclude>
    <ClInclude Include="include\Resource.h">
      <Filter>ExplorationAndMap\Resources</Filter>
    </ClInclude>
    <ClInclude Include="include\ResourceCounter.h">
      <Filter>ExplorationAndMap\Resources</Filter>
    </ClInclude>
  </ItemGroup>
  <ItemGroup>
    <ClCompile Include="src\BatsDll.cpp">
      <Filter>Main</Filter>
    </ClCompile>
    <ClCompile Include="src\BatsModule.cpp">
      <Filter>Main</Filter>
    </ClCompile>
    <ClCompile Include="src\UnitComposition.cpp">
      <Filter>Squads\UnitComposition</Filter>
    </ClCompile>
    <ClCompile Include="src\UnitSet.cpp">
      <Filter>Squads\UnitComposition</Filter>
    </ClCompile>
    <ClCompile Include="src\UnitCompositionFactory.cpp">
      <Filter>Squads\UnitComposition</Filter>
    </ClCompile>
    <ClCompile Include="src\Squad.cpp">
      <Filter>Squads</Filter>
    </ClCompile>
    <ClCompile Include="src\Config.cpp">
      <Filter>Helpers</Filter>
    </ClCompile>
    <ClCompile Include="src\BuildOrderFileReader.cpp">
      <Filter>BuildOrder</Filter>
    </ClCompile>
    <ClCompile Include="src\BuildPlanner.cpp">
      <Filter>BuildOrder</Filter>
    </ClCompile>
    <ClCompile Include="src\Commander.cpp">
      <Filter>Commander</Filter>
    </ClCompile>
    <ClCompile Include="src\SquadManager.cpp">
      <Filter>Squads</Filter>
    </ClCompile>
    <ClCompile Include="src\AttackSquad.cpp">
      <Filter>Squads\Types</Filter>
    </ClCompile>
    <ClCompile Include="src\WaitReadySquad.cpp">
      <Filter>WaitGoal</Filter>
    </ClCompile>
    <ClCompile Include="src\WaitGoal.cpp">
      <Filter>WaitGoal</Filter>
    </ClCompile>
    <ClCompile Include="src\GameTime.cpp">
      <Filter>Helpers</Filter>
    </ClCompile>
    <ClCompile Include="src\UnitCreator.cpp">
      <Filter>UnitCreator</Filter>
    </ClCompile>
    <ClCompile Include="src\TerranProductionBuilding.cpp">
      <Filter>UnitCreator</Filter>
    </ClCompile>
    <ClCompile Include="src\AttackCoordinator.cpp">
      <Filter>Commander</Filter>
    </ClCompile>
    <ClCompile Include="src\ExplorationManager.cpp">
      <Filter>ExplorationAndMap</Filter>
    </ClCompile>
    <ClCompile Include="src\WaitGoalManager.cpp">
      <Filter>WaitGoal</Filter>
    </ClCompile>
    <ClCompile Include="src\DropSquad.cpp">
      <Filter>Squads\Types</Filter>
    </ClCompile>
    <ClCompile Include="src\ExploreData.cpp">
      <Filter>ExplorationAndMap</Filter>
    </ClCompile>
    <ClCompile Include="src\Helper.cpp">
      <Filter>Helpers</Filter>
    </ClCompile>
    <ClCompile Include="src\ScoutSquad.cpp">
      <Filter>Squads\Types</Filter>
    </ClCompile>
    <ClCompile Include="src\AlliedSquad.cpp">
      <Filter>Classification</Filter>
    </ClCompile>
    <ClCompile Include="src\AlliedArmyManager.cpp">
      <Filter>Classification</Filter>
    </ClCompile>
    <ClCompile Include="src\SelfClassifier.cpp">
      <Filter>Classification</Filter>
    </ClCompile>
    <ClCompile Include="src\DefenseManager.cpp">
      <Filter>Commander</Filter>
    </ClCompile>
    <ClCompile Include="src\UnitManager.cpp">
      <Filter>Commander</Filter>
    </ClCompile>
    <ClCompile Include="src\DefenseMoveSquad.cpp">
      <Filter>Squads\Types</Filter>
    </ClCompile>
    <ClCompile Include="src\Resource.cpp">
      <Filter>ExplorationAndMap\Resources</Filter>
    </ClCompile>
    <ClCompile Include="src\ResourceCounter.cpp">
      <Filter>ExplorationAndMap\Resources</Filter>
    </ClCompile>
    <ClCompile Include="src\ResourceGroup.cpp">
      <Filter>ExplorationAndMap\Resources</Filter>
    </ClCompile>
  </ItemGroup>
</Project>