<?xml version="1.0" encoding="utf-8"?>
<Project ToolsVersion="4.0" xmlns="http://schemas.microsoft.com/developer/msbuild/2003">
  <ItemGroup>
    <Filter Include="Main">
      <UniqueIdentifier>{75b420a2-5281-44ae-bedc-b17d74a59dda}</UniqueIdentifier>
    </Filter>
    <Filter Include="Squads">
      <UniqueIdentifier>{557d5c7b-0f1d-46d3-8925-d1349f5407a0}</UniqueIdentifier>
    </Filter>
    <Filter Include="BuildOrder">
      <UniqueIdentifier>{6011d408-eb31-43dc-8f67-820df871d8af}</UniqueIdentifier>
    </Filter>
    <Filter Include="Helpers">
      <UniqueIdentifier>{c69f46b3-e05a-441c-8efa-1a4827a712dd}</UniqueIdentifier>
    </Filter>
    <Filter Include="Squads\UnitComposition">
      <UniqueIdentifier>{2d73c6cf-136e-4179-a467-f59cb5cd5646}</UniqueIdentifier>
    </Filter>
    <Filter Include="Commander">
      <UniqueIdentifier>{568bd4ac-85d0-4c2e-8758-d7db9b22a09e}</UniqueIdentifier>
    </Filter>
    <Filter Include="Squads\Commands">
      <UniqueIdentifier>{4e74ec7c-549d-4b4e-a10e-4921034a7410}</UniqueIdentifier>
    </Filter>
  </ItemGroup>
  <ItemGroup>
    <ClInclude Include="include\BatsModule.h">
      <Filter>Main</Filter>
    </ClInclude>
    <ClInclude Include="include\Helper.h">
      <Filter>Helpers</Filter>
    </ClInclude>
    <ClInclude Include="include\UnitSet.h">
      <Filter>Squads\UnitComposition</Filter>
    </ClInclude>
    <ClInclude Include="include\UnitComposition.h">
      <Filter>Squads\UnitComposition</Filter>
    </ClInclude>
    <ClInclude Include="include\UnitCompositionFactory.h">
      <Filter>Squads\UnitComposition</Filter>
    </ClInclude>
    <ClInclude Include="include\Squad.h">
      <Filter>Squads</Filter>
    </ClInclude>
    <ClInclude Include="include\IdTypes.h">
      <Filter>Helpers</Filter>
    </ClInclude>
    <ClInclude Include="include\Config.h">
      <Filter>Helpers</Filter>
    </ClInclude>
    <ClInclude Include="include\BuildOrderFileReader.h">
      <Filter>BuildOrder</Filter>
    </ClInclude>
    <ClInclude Include="include\BuildPlanner.h">
      <Filter>BuildOrder</Filter>
    </ClInclude>
    <ClInclude Include="include\Commander.h">
      <Filter>Commander</Filter>
    </ClInclude>
    <ClInclude Include="include\AttackSquad.h">
      <Filter>Squads\Commands</Filter>
    </ClInclude>
    <ClInclude Include="include\SquadManager.h">
      <Filter>Squads</Filter>
    </ClInclude>
  </ItemGroup>
  <ItemGroup>
    <ClCompile Include="src\BatsDll.cpp">
      <Filter>Main</Filter>
    </ClCompile>
    <ClCompile Include="src\BatsModule.cpp">
      <Filter>Main</Filter>
    </ClCompile>
    <ClCompile Include="src\UnitComposition.cpp">
      <Filter>Squads\UnitComposition</Filter>
    </ClCompile>
    <ClCompile Include="src\UnitSet.cpp">
      <Filter>Squads\UnitComposition</Filter>
    </ClCompile>
    <ClCompile Include="src\UnitCompositionFactory.cpp">
      <Filter>Squads\UnitComposition</Filter>
    </ClCompile>
    <ClCompile Include="src\Squad.cpp">
      <Filter>Squads</Filter>
    </ClCompile>
    <ClCompile Include="src\Config.cpp">
      <Filter>Helpers</Filter>
    </ClCompile>
    <ClCompile Include="src\BuildOrderFileReader.cpp">
      <Filter>BuildOrder</Filter>
    </ClCompile>
    <ClCompile Include="src\BuildPlanner.cpp">
      <Filter>BuildOrder</Filter>
    </ClCompile>
    <ClCompile Include="src\Commander.cpp">
      <Filter>Commander</Filter>
    </ClCompile>
    <ClCompile Include="src\SquadManager.cpp">
      <Filter>Squads</Filter>
    </ClCompile>
  </ItemGroup>
</Project>