<?xml version="1.0" encoding="utf-8"?>
<Project ToolsVersion="4.0" xmlns="http://schemas.microsoft.com/developer/msbuild/2003">
  <ItemGroup>
    <Filter Include="Main">
      <UniqueIdentifier>{75b420a2-5281-44ae-bedc-b17d74a59dda}</UniqueIdentifier>
    </Filter>
    <Filter Include="Squads">
      <UniqueIdentifier>{557d5c7b-0f1d-46d3-8925-d1349f5407a0}</UniqueIdentifier>
    </Filter>
    <Filter Include="BuildOrder">
      <UniqueIdentifier>{6011d408-eb31-43dc-8f67-820df871d8af}</UniqueIdentifier>
    </Filter>
    <Filter Include="Helpers">
      <UniqueIdentifier>{c69f46b3-e05a-441c-8efa-1a4827a712dd}</UniqueIdentifier>
    </Filter>
  </ItemGroup>
  <ItemGroup>
    <ClInclude Include="include\Squad.h">
      <Filter>Squads</Filter>
    </ClInclude>
    <ClInclude Include="include\BuildOrderManager.h">
      <Filter>BuildOrder</Filter>
    </ClInclude>
    <ClInclude Include="include\BatsModule.h">
      <Filter>Main</Filter>
    </ClInclude>
    <ClInclude Include="include\Helper.h">
      <Filter>Helpers</Filter>
    </ClInclude>
  </ItemGroup>
  <ItemGroup>
    <ClCompile Include="src\BuildOrderManager.cpp">
      <Filter>BuildOrder</Filter>
    </ClCompile>
    <ClCompile Include="src\BatsDll.cpp">
      <Filter>Main</Filter>
    </ClCompile>
    <ClCompile Include="src\BatsModule.cpp">
      <Filter>Main</Filter>
    </ClCompile>
    <ClCompile Include="src\Squad.cpp">
      <Filter>Squads</Filter>
    </ClCompile>
  </ItemGroup>
</Project>